
Microsoft Visual Studio Solution File, Format Version 12.00
# Visual Studio Version 16
VisualStudioVersion = 16.0.30011.22
MinimumVisualStudioVersion = 10.0.40219.1
Project("{FAE04EC0-301F-11D3-BF4B-00C04F79EFBC}") = "JarvisOmnicrypt", "JarvisOmnicrypt.csproj", "{330D1B23-5E5F-49D9-BF85-60BC5F001519}"
EndProject
Global
	GlobalSection(SolutionConfigurationPlatforms) = preSolution
		Debug|Any CPU = Debug|Any CPU
		Release|Any CPU = Release|Any CPU
	EndGlobalSection
	GlobalSection(ProjectConfigurationPlatforms) = postSolution
		{330D1B23-5E5F-49D9-BF85-60BC5F001519}.Debug|Any CPU.ActiveCfg = Debug|Any CPU
		{330D1B23-5E5F-49D9-BF85-60BC5F001519}.Debug|Any CPU.Build.0 = Debug|Any CPU
		{330D1B23-5E5F-49D9-BF85-60BC5F001519}.Release|Any CPU.ActiveCfg = Release|Any CPU
		{330D1B23-5E5F-49D9-BF85-60BC5F001519}.Release|Any CPU.Build.0 = Release|Any CPU
	EndGlobalSection
	GlobalSection(SolutionProperties) = preSolution
		HideSolutionNode = FALSE
	EndGlobalSection
	GlobalSection(ExtensibilityGlobals) = postSolution
		SolutionGuid = {BD964B28-E36B-4FC0-97F6-C2863ED2635C}
	EndGlobalSection
EndGlobal
